Microsoft Visual Studio Solution File, Format Version 12.00
# Visual Studio 15
VisualStudioVersion = 15.0.27130.2027
MinimumVisualStudioVersion = 10.0.40219.1
Project("{FAE04EC0-301F-11D3-BF4B-00C04F79EFBC}") = "FixPointCS", "FixPointCS\FixPointCS.csproj", "{53D6F31F-AE20-4C5C-9674-0CA79E4C36C1}"
EndProject
Project("{FAE04EC0-301F-11D3-BF4B-00C04F79EFBC}") = "FixPointCSTest", "FixPointCSTest\FixPointCSTest.csproj", "{9BDCDAF4-3D43-46C2-8085-E59749AB0592}"
	ProjectSection(ProjectDependencies) = postProject
		{37DF7BEA-1665-482E-9BD5-63D09FF426B2} = {37DF7BEA-1665-482E-9BD5-63D09FF426B2}
	EndProjectSection
EndProject
Project("{FAE04EC0-301F-11D3-BF4B-00C04F79EFBC}") = "Transpiler", "Transpiler\Transpiler.csproj", "{FAA807BE-4DA8-4A03-9C65-22AC74A83C92}"
EndProject
Project("{FAE04EC0-301F-11D3-BF4B-00C04F79EFBC}") = "FixMath", "Examples\FixMath\FixMath.csproj", "{37DF7BEA-1665-482E-9BD5-63D09FF426B2}"
EndProject
Project("{FAE04EC0-301F-11D3-BF4B-00C04F79EFBC}") = "FixedTracer", "Examples\FixedTracer\FixedTracer.csproj", "{657E3D4B-38AD-4961-9987-F27D14B677C5}"
	ProjectSection(ProjectDependencies) = postProject
		{37DF7BEA-1665-482E-9BD5-63D09FF426B2} = {37DF7BEA-1665-482E-9BD5-63D09FF426B2}
	EndProjectSection
EndProject
Global
	GlobalSection(SolutionConfigurationPlatforms) = preSolution
		Debug|Any CPU = Debug|Any CPU
		Debug|x64 = Debug|x64
		Debug|x86 = Debug|x86
		Release|Any CPU = Release|Any CPU
		Release|x64 = Release|x64
		Release|x86 = Release|x86
	EndGlobalSection
	GlobalSection(ProjectConfigurationPlatforms) = postSolution
		{53D6F31F-AE20-4C5C-9674-0CA79E4C36C1}.Debug|Any CPU.ActiveCfg = Debug|Any CPU
		{53D6F31F-AE20-4C5C-9674-0CA79E4C36C1}.Debug|Any CPU.Build.0 = Debug|Any CPU
		{53D6F31F-AE20-4C5C-9674-0CA79E4C36C1}.Debug|x64.ActiveCfg = Debug|x64
		{53D6F31F-AE20-4C5C-9674-0CA79E4C36C1}.Debug|x64.Build.0 = Debug|x64
		{53D6F31F-AE20-4C5C-9674-0CA79E4C36C1}.Debug|x86.ActiveCfg = Debug|x86
		{53D6F31F-AE20-4C5C-9674-0CA79E4C36C1}.Debug|x86.Build.0 = Debug|x86
		{53D6F31F-AE20-4C5C-9674-0CA79E4C36C1}.Release|Any CPU.ActiveCfg = Release|Any CPU
		{53D6F31F-AE20-4C5C-9674-0CA79E4C36C1}.Release|Any CPU.Build.0 = Release|Any CPU
		{53D6F31F-AE20-4C5C-9674-0CA79E4C36C1}.Release|x64.ActiveCfg = Release|x64
		{53D6F31F-AE20-4C5C-9674-0CA79E4C36C1}.Release|x64.Build.0 = Release|x64
		{53D6F31F-AE20-4C5C-9674-0CA79E4C36C1}.Release|x86.ActiveCfg = Release|x86
		{53D6F31F-AE20-4C5C-9674-0CA79E4C36C1}.Release|x86.Build.0 = Release|x86
		{9BDCDAF4-3D43-46C2-8085-E59749AB0592}.Debug|Any CPU.ActiveCfg = Debug|Any CPU
		{9BDCDAF4-3D43-46C2-8085-E59749AB0592}.Debug|Any CPU.Build.0 = Debug|Any CPU
		{9BDCDAF4-3D43-46C2-8085-E59749AB0592}.Debug|x64.ActiveCfg = Debug|x64
		{9BDCDAF4-3D43-46C2-8085-E59749AB0592}.Debug|x64.Build.0 = Debug|x64
		{9BDCDAF4-3D43-46C2-8085-E59749AB0592}.Debug|x86.ActiveCfg = Debug|x86
		{9BDCDAF4-3D43-46C2-8085-E59749AB0592}.Debug|x86.Build.0 = Debug|x86
		{9BDCDAF4-3D43-46C2-8085-E59749AB0592}.Release|Any CPU.ActiveCfg = Release|Any CPU
		{9BDCDAF4-3D43-46C2-8085-E59749AB0592}.Release|Any CPU.Build.0 = Release|Any CPU
		{9BDCDAF4-3D43-46C2-8085-E59749AB0592}.Release|x64.ActiveCfg = Release|x64
		{9BDCDAF4-3D43-46C2-8085-E59749AB0592}.Release|x64.Build.0 = Release|x64
		{9BDCDAF4-3D43-46C2-8085-E59749AB0592}.Release|x86.ActiveCfg = Release|x86
		{9BDCDAF4-3D43-46C2-8085-E59749AB0592}.Release|x86.Build.0 = Release|x86
		{FAA807BE-4DA8-4A03-9C65-22AC74A83C92}.Debug|Any CPU.ActiveCfg = Debug|Any CPU
		{FAA807BE-4DA8-4A03-9C65-22AC74A83C92}.Debug|Any CPU.Build.0 = Debug|Any CPU
		{FAA807BE-4DA8-4A03-9C65-22AC74A83C92}.Debug|x64.ActiveCfg = Debug|x64
		{FAA807BE-4DA8-4A03-9C65-22AC74A83C92}.Debug|x64.Build.0 = Debug|x64
		{FAA807BE-4DA8-4A03-9C65-22AC74A83C92}.Debug|x86.ActiveCfg = Debug|x86
		{FAA807BE-4DA8-4A03-9C65-22AC74A83C92}.Debug|x86.Build.0 = Debug|x86
		{FAA807BE-4DA8-4A03-9C65-22AC74A83C92}.Release|Any CPU.ActiveCfg = Release|Any CPU
		{FAA807BE-4DA8-4A03-9C65-22AC74A83C92}.Release|Any CPU.Build.0 = Release|Any CPU
		{FAA807BE-4DA8-4A03-9C65-22AC74A83C92}.Release|x64.ActiveCfg = Release|x64
		{FAA807BE-4DA8-4A03-9C65-22AC74A83C92}.Release|x64.Build.0 = Release|x64
		{FAA807BE-4DA8-4A03-9C65-22AC74A83C92}.Release|x86.ActiveCfg = Release|x86
		{FAA807BE-4DA8-4A03-9C65-22AC74A83C92}.Release|x86.Build.0 = Release|x86
		{37DF7BEA-1665-482E-9BD5-63D09FF426B2}.Debug|Any CPU.ActiveCfg = Debug|Any CPU
		{37DF7BEA-1665-482E-9BD5-63D09FF426B2}.Debug|Any CPU.Build.0 = Debug|Any CPU
		{37DF7BEA-1665-482E-9BD5-63D09FF426B2}.Debug|x64.ActiveCfg = Debug|x64
		{37DF7BEA-1665-482E-9BD5-63D09FF426B2}.Debug|x64.Build.0 = Debug|x64
		{37DF7BEA-1665-482E-9BD5-63D09FF426B2}.Debug|x86.ActiveCfg = Debug|x86
		{37DF7BEA-1665-482E-9BD5-63D09FF426B2}.Debug|x86.Build.0 = Debug|x86
		{37DF7BEA-1665-482E-9BD5-63D09FF426B2}.Release|Any CPU.ActiveCfg = Release|Any CPU
		{37DF7BEA-1665-482E-9BD5-63D09FF426B2}.Release|Any CPU.Build.0 = Release|Any CPU
		{37DF7BEA-1665-482E-9BD5-63D09FF426B2}.Release|x64.ActiveCfg = Release|x64
		{37DF7BEA-1665-482E-9BD5-63D09FF426B2}.Release|x64.Build.0 = Release|x64
		{37DF7BEA-1665-482E-9BD5-63D09FF426B2}.Release|x86.ActiveCfg = Release|x86
		{37DF7BEA-1665-482E-9BD5-63D09FF426B2}.Release|x86.Build.0 = Release|x86
		{657E3D4B-38AD-4961-9987-F27D14B677C5}.Debug|Any CPU.ActiveCfg = Debug|Any CPU
		{657E3D4B-38AD-4961-9987-F27D14B677C5}.Debug|Any CPU.Build.0 = Debug|Any CPU
		{657E3D4B-38AD-4961-9987-F27D14B677C5}.Debug|x64.ActiveCfg = Debug|x64
		{657E3D4B-38AD-4961-9987-F27D14B677C5}.Debug|x64.Build.0 = Debug|x64
		{657E3D4B-38AD-4961-9987-F27D14B677C5}.Debug|x86.ActiveCfg = Debug|x86
		{657E3D4B-38AD-4961-9987-F27D14B677C5}.Debug|x86.Build.0 = Debug|x86
		{657E3D4B-38AD-4961-9987-F27D14B677C5}.Release|Any CPU.ActiveCfg = Release|Any CPU
		{657E3D4B-38AD-4961-9987-F27D14B677C5}.Release|Any CPU.Build.0 = Release|Any CPU
		{657E3D4B-38AD-4961-9987-F27D14B677C5}.Release|x64.ActiveCfg = Release|x64
		{657E3D4B-38AD-4961-9987-F27D14B677C5}.Release|x64.Build.0 = Release|x64
		{657E3D4B-38AD-4961-9987-F27D14B677C5}.Release|x86.ActiveCfg = Release|x86
		{657E3D4B-38AD-4961-9987-F27D14B677C5}.Release|x86.Build.0 = Release|x86
	EndGlobalSection
	GlobalSection(SolutionProperties) = preSolution
		HideSolutionNode = FALSE
	EndGlobalSection
	GlobalSection(ExtensibilityGlobals) = postSolution
		SolutionGuid = {E163824E-0159-48F8-AF9E-8030860D1890}
	EndGlobalSection
EndGlobal
